Microsoft Visual Studio Solution File, Format Version 12.00
# Visual Studio Version 17
VisualStudioVersion = 17.5.2.0
MinimumVisualStudioVersion = 10.0.40219.1
Project("{FAE04EC0-301F-11D3-BF4B-00C04F79EFBC}") = "EightToTen", "EightToTen.csproj", "{8CF64082-94A7-C1DE-2C6A-A4CA8338C5AD}"
EndProject
Global
	GlobalSection(SolutionConfigurationPlatforms) = preSolution
		Debug|Any CPU = Debug|Any CPU
		Release|Any CPU = Release|Any CPU
	EndGlobalSection
	GlobalSection(ProjectConfigurationPlatforms) = postSolution
		{8CF64082-94A7-C1DE-2C6A-A4CA8338C5AD}.Debug|Any CPU.ActiveCfg = Debug|Any CPU
		{8CF64082-94A7-C1DE-2C6A-A4CA8338C5AD}.Debug|Any CPU.Build.0 = Debug|Any CPU
		{8CF64082-94A7-C1DE-2C6A-A4CA8338C5AD}.Release|Any CPU.ActiveCfg = Release|Any CPU
		{8CF64082-94A7-C1DE-2C6A-A4CA8338C5AD}.Release|Any CPU.Build.0 = Release|Any CPU
	EndGlobalSection
	GlobalSection(SolutionProperties) = preSolution
		HideSolutionNode = FALSE
	EndGlobalSection
	GlobalSection(ExtensibilityGlobals) = postSolution
		SolutionGuid = {7E7D9207-72BA-4904-AA97-1BED88FB4BCF}
	EndGlobalSection
EndGlobal
